// !$*UTF8*$!
{
	archiveVersion = 1;
	classes = {
	};
	objectVersion = 46;
	objects = {

/* Begin PBXFileReference section */
		4FF44BA61CEB55B100FB82A2 /* README.md */ = {isa = PBXFileReference; lastKnownFileType = net.daringfireball.markdown; path = README.md; sourceTree = "<group>"; };
/* End PBXFileReference section */

/* Begin PBXGroup section */
		4FF44B9F1CEB551500FB82A2 = {
			isa = PBXGroup;
			children = (
				4FF44BA61CEB55B100FB82A2 /* README.md */,
			);
			sourceTree = "<group>";
		};
/* End PBXGroup section */

/* Begin PBXProject section */
		4FF44BA01CEB551500FB82A2 /* Project object */ = {
			isa = PBXProject;
			attributes = {
				LastUpgradeCheck = 0700;
			};
			buildConfigurationList = 4FF44BA31CEB551500FB82A2 /* Build configuration list for PBXProject "Feldmann-Cousins-practice" */;
			compatibilityVersion = "Xcode 3.2";
			developmentRegion = English;
			hasScannedForEncodings = 0;
			knownRegions = (
				en,
			);
			mainGroup = 4FF44B9F1CEB551500FB82A2;
			projectDirPath = "";
			projectRoot = "";
			targets = (
			);
		};
/* End PBXProject section */

/* Begin XCBuildConfiguration section */
		4FF44BA41CEB551500FB82A2 /* Debug */ = {
			isa = XCBuildConfiguration;
			buildSettings = {
			};
			name = Debug;
		};
		4FF44BA51CEB551500FB82A2 /* Release */ = {
			isa = XCBuildConfiguration;
			buildSettings = {
			};
			name = Release;
		};
/* End XCBuildConfiguration section */

/* Begin XCConfigurationList section */
		4FF44BA31CEB551500FB82A2 /* Build configuration list for PBXProject "Feldmann-Cousins-practice" */ = {
			isa = XCConfigurationList;
			buildConfigurations = (
				4FF44BA41CEB551500FB82A2 /* Debug */,
				4FF44BA51CEB551500FB82A2 /* Release */,
			);
			defaultConfigurationIsVisible = 0;
			defaultConfigurationName = Release;
		};
/* End XCConfigurationList section */
	};
	rootObject = 4FF44BA01CEB551500FB82A2 /* Project object */;
}
